
Microsoft Visual Studio Solution File, Format Version 12.00
# Visual Studio Version 17
VisualStudioVersion = 17.0.32112.339
MinimumVisualStudioVersion = 10.0.40219.1
Project("{9A19103F-16F7-4668-BE54-9A1E7A4F7556}") = "CommonLib.Core", "CommonLib.Core\CommonLib.Core.csproj", "{0C1E3861-B62E-42CD-AF22-D584C84443DD}"
EndProject
Project("{9A19103F-16F7-4668-BE54-9A1E7A4F7556}") = "CommonLib.Logger", "CommonLib.Logger\CommonLib.Logger.csproj", "{F85C5B28-98D4-4F61-B5DB-B95BC327AC2F}"
EndProject
Project("{9A19103F-16F7-4668-BE54-9A1E7A4F7556}") = "CommonLib.PlugInAdapter", "CommonLib.PlugInAdapter\CommonLib.PlugInAdapter.csproj", "{F8C5F564-8EEF-4FA5-8B8E-C03B211A7CEA}"
EndProject
Project("{9A19103F-16F7-4668-BE54-9A1E7A4F7556}") = "CommonLib.Utility", "CommonLib.Utility\CommonLib.Utility.csproj", "{21CDED93-7D5D-45F8-8198-9744496969A4}"
EndProject
Project("{9A19103F-16F7-4668-BE54-9A1E7A4F7556}") = "System.Data.Linq", "DotNetLib\System.Data.Linq\System.Data.Linq.csproj", "{CC31FC54-6D09-489B-9C28-84BF6C50880C}"
EndProject
Project("{9A19103F-16F7-4668-BE54-9A1E7A4F7556}") = "WebHome.Core", "WebHome.Core\WebHome.Core.csproj", "{C76818FD-A7FC-4334-A942-3E303ED71C34}"
EndProject
Project("{9A19103F-16F7-4668-BE54-9A1E7A4F7556}") = "WebHome.View", "WebHome.View\WebHome.View.csproj", "{A203C8F8-A963-47C4-BB1D-0356616FBEC4}"
EndProject
Project("{FAE04EC0-301F-11D3-BF4B-00C04F79EFBC}") = "WebHome.MainActivity.View", "WebHome.MainActivity.View\WebHome.MainActivity.View.csproj", "{61A2C25D-248F-4D6A-B4E5-D731820DAE94}"
EndProject
Global
	GlobalSection(SolutionConfigurationPlatforms) = preSolution
		Debug|Any CPU = Debug|Any CPU
		Release|Any CPU = Release|Any CPU
	EndGlobalSection
	GlobalSection(ProjectConfigurationPlatforms) = postSolution
		{0C1E3861-B62E-42CD-AF22-D584C84443DD}.Debug|Any CPU.ActiveCfg = Debug|Any CPU
		{0C1E3861-B62E-42CD-AF22-D584C84443DD}.Debug|Any CPU.Build.0 = Debug|Any CPU
		{0C1E3861-B62E-42CD-AF22-D584C84443DD}.Release|Any CPU.ActiveCfg = Release|Any CPU
		{0C1E3861-B62E-42CD-AF22-D584C84443DD}.Release|Any CPU.Build.0 = Release|Any CPU
		{F85C5B28-98D4-4F61-B5DB-B95BC327AC2F}.Debug|Any CPU.ActiveCfg = Debug|Any CPU
		{F85C5B28-98D4-4F61-B5DB-B95BC327AC2F}.Debug|Any CPU.Build.0 = Debug|Any CPU
		{F85C5B28-98D4-4F61-B5DB-B95BC327AC2F}.Release|Any CPU.ActiveCfg = Release|Any CPU
		{F85C5B28-98D4-4F61-B5DB-B95BC327AC2F}.Release|Any CPU.Build.0 = Release|Any CPU
		{F8C5F564-8EEF-4FA5-8B8E-C03B211A7CEA}.Debug|Any CPU.ActiveCfg = Debug|Any CPU
		{F8C5F564-8EEF-4FA5-8B8E-C03B211A7CEA}.Debug|Any CPU.Build.0 = Debug|Any CPU
		{F8C5F564-8EEF-4FA5-8B8E-C03B211A7CEA}.Release|Any CPU.ActiveCfg = Release|Any CPU
		{F8C5F564-8EEF-4FA5-8B8E-C03B211A7CEA}.Release|Any CPU.Build.0 = Release|Any CPU
		{21CDED93-7D5D-45F8-8198-9744496969A4}.Debug|Any CPU.ActiveCfg = Debug|Any CPU
		{21CDED93-7D5D-45F8-8198-9744496969A4}.Debug|Any CPU.Build.0 = Debug|Any CPU
		{21CDED93-7D5D-45F8-8198-9744496969A4}.Release|Any CPU.ActiveCfg = Release|Any CPU
		{21CDED93-7D5D-45F8-8198-9744496969A4}.Release|Any CPU.Build.0 = Release|Any CPU
		{CC31FC54-6D09-489B-9C28-84BF6C50880C}.Debug|Any CPU.ActiveCfg = Debug|Any CPU
		{CC31FC54-6D09-489B-9C28-84BF6C50880C}.Debug|Any CPU.Build.0 = Debug|Any CPU
		{CC31FC54-6D09-489B-9C28-84BF6C50880C}.Release|Any CPU.ActiveCfg = Release|Any CPU
		{CC31FC54-6D09-489B-9C28-84BF6C50880C}.Release|Any CPU.Build.0 = Release|Any CPU
		{C76818FD-A7FC-4334-A942-3E303ED71C34}.Debug|Any CPU.ActiveCfg = Debug|Any CPU
		{C76818FD-A7FC-4334-A942-3E303ED71C34}.Debug|Any CPU.Build.0 = Debug|Any CPU
		{C76818FD-A7FC-4334-A942-3E303ED71C34}.Release|Any CPU.ActiveCfg = Release|Any CPU
		{C76818FD-A7FC-4334-A942-3E303ED71C34}.Release|Any CPU.Build.0 = Release|Any CPU
		{A203C8F8-A963-47C4-BB1D-0356616FBEC4}.Debug|Any CPU.ActiveCfg = Debug|Any CPU
		{A203C8F8-A963-47C4-BB1D-0356616FBEC4}.Debug|Any CPU.Build.0 = Debug|Any CPU
		{A203C8F8-A963-47C4-BB1D-0356616FBEC4}.Release|Any CPU.ActiveCfg = Release|Any CPU
		{A203C8F8-A963-47C4-BB1D-0356616FBEC4}.Release|Any CPU.Build.0 = Release|Any CPU
		{61A2C25D-248F-4D6A-B4E5-D731820DAE94}.Debug|Any CPU.ActiveCfg = Debug|Any CPU
		{61A2C25D-248F-4D6A-B4E5-D731820DAE94}.Debug|Any CPU.Build.0 = Debug|Any CPU
		{61A2C25D-248F-4D6A-B4E5-D731820DAE94}.Release|Any CPU.ActiveCfg = Release|Any CPU
		{61A2C25D-248F-4D6A-B4E5-D731820DAE94}.Release|Any CPU.Build.0 = Release|Any CPU
	EndGlobalSection
	GlobalSection(SolutionProperties) = preSolution
		HideSolutionNode = FALSE
	EndGlobalSection
	GlobalSection(ExtensibilityGlobals) = postSolution
		SolutionGuid = {F68C320A-9A3B-43A9-89AF-AE3C3EF615F7}
	EndGlobalSection
EndGlobal
