
Microsoft Visual Studio Solution File, Format Version 12.00
# Visual Studio Version 16
VisualStudioVersion = 16.0.31702.278
MinimumVisualStudioVersion = 10.0.40219.1
Project("{FAE04EC0-301F-11D3-BF4B-00C04F79EFBC}") = "System.Data.Linq", "System.Data.Linq.csproj", "{529033D8-E08B-45A0-A45C-98632F0B1993}"
EndProject
Global
	GlobalSection(SolutionConfigurationPlatforms) = preSolution
		Debug|Any CPU = Debug|Any CPU
		Release|Any CPU = Release|Any CPU
	EndGlobalSection
	GlobalSection(ProjectConfigurationPlatforms) = postSolution
		{529033D8-E08B-45A0-A45C-98632F0B1993}.Debug|Any CPU.ActiveCfg = Debug|Any CPU
		{529033D8-E08B-45A0-A45C-98632F0B1993}.Debug|Any CPU.Build.0 = Debug|Any CPU
		{529033D8-E08B-45A0-A45C-98632F0B1993}.Release|Any CPU.ActiveCfg = Release|Any CPU
		{529033D8-E08B-45A0-A45C-98632F0B1993}.Release|Any CPU.Build.0 = Release|Any CPU
	EndGlobalSection
	GlobalSection(SolutionProperties) = preSolution
		HideSolutionNode = FALSE
	EndGlobalSection
	GlobalSection(ExtensibilityGlobals) = postSolution
		SolutionGuid = {21D3811A-668A-44B9-8339-CF0F94D680D4}
	EndGlobalSection
EndGlobal
